
Microsoft Visual Studio Solution File, Format Version 12.00
# Visual Studio Version 16
VisualStudioVersion = 16.0.30804.86
MinimumVisualStudioVersion = 10.0.40219.1
Project("{FAE04EC0-301F-11D3-BF4B-00C04F79EFBC}") = "BlazorTable.Server", "BlazorTable\Server\BlazorTable.Server.csproj", "{36CA8AED-35BA-4E82-9865-A0F7A7354C1C}"
EndProject
Project("{FAE04EC0-301F-11D3-BF4B-00C04F79EFBC}") = "BlazorTable.Client", "BlazorTable\Client\BlazorTable.Client.csproj", "{BDFE0907-65D3-4678-9F35-8D14413BC546}"
EndProject
Project("{FAE04EC0-301F-11D3-BF4B-00C04F79EFBC}") = "BlazorTable.Shared", "BlazorTable\Shared\BlazorTable.Shared.csproj", "{EFA49501-0CFF-46CA-A71B-651DDC3FFC1B}"
EndProject
Global
	GlobalSection(SolutionConfigurationPlatforms) = preSolution
		Debug|Any CPU = Debug|Any CPU
		Release|Any CPU = Release|Any CPU
	EndGlobalSection
	GlobalSection(ProjectConfigurationPlatforms) = postSolution
		{36CA8AED-35BA-4E82-9865-A0F7A7354C1C}.Debug|Any CPU.ActiveCfg = Debug|Any CPU
		{36CA8AED-35BA-4E82-9865-A0F7A7354C1C}.Debug|Any CPU.Build.0 = Debug|Any CPU
		{36CA8AED-35BA-4E82-9865-A0F7A7354C1C}.Release|Any CPU.ActiveCfg = Release|Any CPU
		{36CA8AED-35BA-4E82-9865-A0F7A7354C1C}.Release|Any CPU.Build.0 = Release|Any CPU
		{BDFE0907-65D3-4678-9F35-8D14413BC546}.Debug|Any CPU.ActiveCfg = Debug|Any CPU
		{BDFE0907-65D3-4678-9F35-8D14413BC546}.Debug|Any CPU.Build.0 = Debug|Any CPU
		{BDFE0907-65D3-4678-9F35-8D14413BC546}.Release|Any CPU.ActiveCfg = Release|Any CPU
		{BDFE0907-65D3-4678-9F35-8D14413BC546}.Release|Any CPU.Build.0 = Release|Any CPU
		{EFA49501-0CFF-46CA-A71B-651DDC3FFC1B}.Debug|Any CPU.ActiveCfg = Debug|Any CPU
		{EFA49501-0CFF-46CA-A71B-651DDC3FFC1B}.Debug|Any CPU.Build.0 = Debug|Any CPU
		{EFA49501-0CFF-46CA-A71B-651DDC3FFC1B}.Release|Any CPU.ActiveCfg = Release|Any CPU
		{EFA49501-0CFF-46CA-A71B-651DDC3FFC1B}.Release|Any CPU.Build.0 = Release|Any CPU
	EndGlobalSection
	GlobalSection(SolutionProperties) = preSolution
		HideSolutionNode = FALSE
	EndGlobalSection
	GlobalSection(ExtensibilityGlobals) = postSolution
		SolutionGuid = {AE2DE77E-F90D-4AFD-9BEE-1FCB211DFBF7}
	EndGlobalSection
EndGlobal
